
Microsoft Visual Studio Solution File, Format Version 12.00
# Visual Studio Version 16
VisualStudioVersion = 16.0.32228.343
MinimumVisualStudioVersion = 10.0.40219.1
Project("{FAE04EC0-301F-11D3-BF4B-00C04F79EFBC}") = "WebApi", "WebApi\WebApi.csproj", "{884E23E6-DAF6-494B-9F77-77E8D2BEBFA6}"
EndProject
Global
	GlobalSection(SolutionConfigurationPlatforms) = preSolution
		Debug|Any CPU = Debug|Any CPU
		Release|Any CPU = Release|Any CPU
	EndGlobalSection
	GlobalSection(ProjectConfigurationPlatforms) = postSolution
		{884E23E6-DAF6-494B-9F77-77E8D2BEBFA6}.Debug|Any CPU.ActiveCfg = Debug|Any CPU
		{884E23E6-DAF6-494B-9F77-77E8D2BEBFA6}.Debug|Any CPU.Build.0 = Debug|Any CPU
		{884E23E6-DAF6-494B-9F77-77E8D2BEBFA6}.Release|Any CPU.ActiveCfg = Release|Any CPU
		{884E23E6-DAF6-494B-9F77-77E8D2BEBFA6}.Release|Any CPU.Build.0 = Release|Any CPU
	EndGlobalSection
	GlobalSection(SolutionProperties) = preSolution
		HideSolutionNode = FALSE
	EndGlobalSection
	GlobalSection(ExtensibilityGlobals) = postSolution
		SolutionGuid = {ECB4D4CD-815C-4EE8-AF55-5822E8C9D934}
	EndGlobalSection
EndGlobal
